# This file is automatically @generated by Cargo.
# It is not intended for manual editing.
version = 3

[[package]]
name = "bruh_os"
version = "0.1.0"
dependencies = [
 "common",
]

[[package]]
name = "common"
version = "0.1.0"

[[package]]
name = "elf"
version = "0.7.4"
source = "registry+https://github.com/rust-lang/crates.io-index"
checksum = "4445909572dbd556c457c849c4ca58623d84b27c8fff1e74b0b4227d8b90d17b"

[[package]]
name = "loader"
version = "0.1.0"
dependencies = [
 "common",
 "elf",
 "multiboot",
]

[[package]]
name = "multiboot"
version = "0.8.0"
source = "registry+https://github.com/rust-lang/crates.io-index"
checksum = "f87ad3b7b7bcf5da525c22221e3eb3a020cd68b2d55ae62f629c15e8bc3bd56e"
dependencies = [
 "paste",
]

[[package]]
name = "paste"
version = "1.0.14"
source = "registry+https://github.com/rust-lang/crates.io-index"
checksum = "de3145af08024dea9fa9914f381a17b8fc6034dfb00f3a84013f7ff43f29ed4c"
